// !$*UTF8*$!
{
	archiveVersion = 1;
	classes = {
	};
	objectVersion = 50;
	objects = {

/* Begin PBXBuildFile section */
		1A7D36EAA89D40DB2AC5546B /* Pods_iOS_Pixel_City.framework in Frameworks */ = {isa = PBXBuildFile; fileRef = 09EB9CEF1F459C277B28C85E /* Pods_iOS_Pixel_City.framework */; };
		B750903520FFAE8600DB34BF /* DroppablePin.swift in Sources */ = {isa = PBXBuildFile; fileRef = B750903420FFAE8600DB34BF /* DroppablePin.swift */; };
		B750903720FFC68300DB34BF /* PhotoCell.swift in Sources */ = {isa = PBXBuildFile; fileRef = B750903620FFC68300DB34BF /* PhotoCell.swift */; };
		B750903920FFD1D500DB34BF /* Constants.swift in Sources */ = {isa = PBXBuildFile; fileRef = B750903820FFD1D500DB34BF /* Constants.swift */; };
		B769EB7F20FFFAD900A31A56 /* Utilities.swift in Sources */ = {isa = PBXBuildFile; fileRef = B769EB7E20FFFAD900A31A56 /* Utilities.swift */; };
		B769EB8121000E7B00A31A56 /* PopVC.swift in Sources */ = {isa = PBXBuildFile; fileRef = B769EB8021000E7B00A31A56 /* PopVC.swift */; };
		B7C09F1620FEB907000AE0E4 /* AppDelegate.swift in Sources */ = {isa = PBXBuildFile; fileRef = B7C09F1520FEB907000AE0E4 /* AppDelegate.swift */; };
		B7C09F1820FEB907000AE0E4 /* MapVC.swift in Sources */ = {isa = PBXBuildFile; fileRef = B7C09F1720FEB907000AE0E4 /* MapVC.swift */; };
		B7C09F1B20FEB907000AE0E4 /* Main.storyboard in Resources */ = {isa = PBXBuildFile; fileRef = B7C09F1920FEB907000AE0E4 /* Main.storyboard */; };
		B7C09F1D20FEB909000AE0E4 /* Assets.xcassets in Resources */ = {isa = PBXBuildFile; fileRef = B7C09F1C20FEB909000AE0E4 /* Assets.xcassets */; };
		B7C09F2020FEB909000AE0E4 /* LaunchScreen.storyboard in Resources */ = {isa = PBXBuildFile; fileRef = B7C09F1E20FEB909000AE0E4 /* LaunchScreen.storyboard */; };
/* End PBXBuildFile section */

/* Begin PBXFileReference section */
		09EB9CEF1F459C277B28C85E /* Pods_iOS_Pixel_City.framework */ = {isa = PBXFileReference; explicitFileType = wrapper.framework; includeInIndex = 0; path = Pods_iOS_Pixel_City.framework; sourceTree = BUILT_PRODUCTS_DIR; };
		8CC8A58B97491BBA58F4F935 /* Pods-iOS-Pixel-City.debug.xcconfig */ = {isa = PBXFileReference; includeInIndex = 1; lastKnownFileType = text.xcconfig; name = "Pods-iOS-Pixel-City.debug.xcconfig"; path = "Pods/Target Support Files/Pods-iOS-Pixel-City/Pods-iOS-Pixel-City.debug.xcconfig"; sourceTree = "<group>"; };
		8F07C21CAA123494E8000F23 /* Pods-iOS-Pixel-City.release.xcconfig */ = {isa = PBXFileReference; includeInIndex = 1; lastKnownFileType = text.xcconfig; name = "Pods-iOS-Pixel-City.release.xcconfig"; path = "Pods/Target Support Files/Pods-iOS-Pixel-City/Pods-iOS-Pixel-City.release.xcconfig"; sourceTree = "<group>"; };
		B750903420FFAE8600DB34BF /* DroppablePin.swift */ = {isa = PBXFileReference; lastKnownFileType = sourcecode.swift; path = DroppablePin.swift; sourceTree = "<group>"; };
		B750903620FFC68300DB34BF /* PhotoCell.swift */ = {isa = PBXFileReference; lastKnownFileType = sourcecode.swift; path = PhotoCell.swift; sourceTree = "<group>"; };
		B750903820FFD1D500DB34BF /* Constants.swift */ = {isa = PBXFileReference; lastKnownFileType = sourcecode.swift; path = Constants.swift; sourceTree = "<group>"; };
		B769EB7E20FFFAD900A31A56 /* Utilities.swift */ = {isa = PBXFileReference; lastKnownFileType = sourcecode.swift; path = Utilities.swift; sourceTree = "<group>"; };
		B769EB8021000E7B00A31A56 /* PopVC.swift */ = {isa = PBXFileReference; lastKnownFileType = sourcecode.swift; path = PopVC.swift; sourceTree = "<group>"; };
		B7C09F1220FEB907000AE0E4 /* iOS-Pixel-City.app */ = {isa = PBXFileReference; explicitFileType = wrapper.application; includeInIndex = 0; path = "iOS-Pixel-City.app"; sourceTree = BUILT_PRODUCTS_DIR; };
		B7C09F1520FEB907000AE0E4 /* AppDelegate.swift */ = {isa = PBXFileReference; lastKnownFileType = sourcecode.swift; path = AppDelegate.swift; sourceTree = "<group>"; };
		B7C09F1720FEB907000AE0E4 /* MapVC.swift */ = {isa = PBXFileReference; lastKnownFileType = sourcecode.swift; path = MapVC.swift; sourceTree = "<group>"; };
		B7C09F1A20FEB907000AE0E4 /* Base */ = {isa = PBXFileReference; lastKnownFileType = file.storyboard; name = Base; path = Base.lproj/Main.storyboard; sourceTree = "<group>"; };
		B7C09F1C20FEB909000AE0E4 /* Assets.xcassets */ = {isa = PBXFileReference; lastKnownFileType = folder.assetcatalog; path = Assets.xcassets; sourceTree = "<group>"; };
		B7C09F1F20FEB909000AE0E4 /* Base */ = {isa = PBXFileReference; lastKnownFileType = file.storyboard; name = Base; path = Base.lproj/LaunchScreen.storyboard; sourceTree = "<group>"; };
		B7C09F2120FEB909000AE0E4 /* Info.plist */ = {isa = PBXFileReference; lastKnownFileType = text.plist.xml; path = Info.plist; sourceTree = "<group>"; };
/* End PBXFileReference section */

/* Begin PBXFrameworksBuildPhase section */
		B7C09F0F20FEB907000AE0E4 /* Frameworks */ = {
			isa = PBXFrameworksBuildPhase;
			buildActionMask = 2147483647;
			files = (
				1A7D36EAA89D40DB2AC5546B /* Pods_iOS_Pixel_City.framework in Frameworks */,
			);
			runOnlyForDeploymentPostprocessing = 0;
		};
/* End PBXFrameworksBuildPhase section */

/* Begin PBXGroup section */
		1892EF0C8ECDE4CC51002E20 /* Pods */ = {
			isa = PBXGroup;
			children = (
				8CC8A58B97491BBA58F4F935 /* Pods-iOS-Pixel-City.debug.xcconfig */,
				8F07C21CAA123494E8000F23 /* Pods-iOS-Pixel-City.release.xcconfig */,
			);
			name = Pods;
			sourceTree = "<group>";
		};
		A9D4569ED05D87CC2A4ECBFB /* Frameworks */ = {
			isa = PBXGroup;
			children = (
				09EB9CEF1F459C277B28C85E /* Pods_iOS_Pixel_City.framework */,
			);
			name = Frameworks;
			sourceTree = "<group>";
		};
		B7C09F0920FEB907000AE0E4 = {
			isa = PBXGroup;
			children = (
				B7C09F1420FEB907000AE0E4 /* iOS-Pixel-City */,
				B7C09F1320FEB907000AE0E4 /* Products */,
				1892EF0C8ECDE4CC51002E20 /* Pods */,
				A9D4569ED05D87CC2A4ECBFB /* Frameworks */,
			);
			sourceTree = "<group>";
		};
		B7C09F1320FEB907000AE0E4 /* Products */ = {
			isa = PBXGroup;
			children = (
				B7C09F1220FEB907000AE0E4 /* iOS-Pixel-City.app */,
			);
			name = Products;
			sourceTree = "<group>";
		};
		B7C09F1420FEB907000AE0E4 /* iOS-Pixel-City */ = {
			isa = PBXGroup;
			children = (
				B7C09F2B20FEBA68000AE0E4 /* Utilities */,
				B7C09F2A20FEBA59000AE0E4 /* Extensions */,
				B7C09F2920FEBA4E000AE0E4 /* Model */,
				B7C09F2820FEBA47000AE0E4 /* View */,
				B7C09F2720FEBA3A000AE0E4 /* Controller */,
				B7C09F1520FEB907000AE0E4 /* AppDelegate.swift */,
				B7C09F1920FEB907000AE0E4 /* Main.storyboard */,
				B7C09F1C20FEB909000AE0E4 /* Assets.xcassets */,
				B7C09F1E20FEB909000AE0E4 /* LaunchScreen.storyboard */,
				B7C09F2120FEB909000AE0E4 /* Info.plist */,
			);
			path = "iOS-Pixel-City";
			sourceTree = "<group>";
		};
		B7C09F2720FEBA3A000AE0E4 /* Controller */ = {
			isa = PBXGroup;
			children = (
				B7C09F1720FEB907000AE0E4 /* MapVC.swift */,
				B769EB8021000E7B00A31A56 /* PopVC.swift */,
			);
			path = Controller;
			sourceTree = "<group>";
		};
		B7C09F2820FEBA47000AE0E4 /* View */ = {
			isa = PBXGroup;
			children = (
				B750903420FFAE8600DB34BF /* DroppablePin.swift */,
				B750903620FFC68300DB34BF /* PhotoCell.swift */,
			);
			path = View;
			sourceTree = "<group>";
		};
		B7C09F2920FEBA4E000AE0E4 /* Model */ = {
			isa = PBXGroup;
			children = (
			);
			path = Model;
			sourceTree = "<group>";
		};
		B7C09F2A20FEBA59000AE0E4 /* Extensions */ = {
			isa = PBXGroup;
			children = (
			);
			path = Extensions;
			sourceTree = "<group>";
		};
		B7C09F2B20FEBA68000AE0E4 /* Utilities */ = {
			isa = PBXGroup;
			children = (
				B750903820FFD1D500DB34BF /* Constants.swift */,
				B769EB7E20FFFAD900A31A56 /* Utilities.swift */,
			);
			path = Utilities;
			sourceTree = "<group>";
		};
/* End PBXGroup section */

/* Begin PBXNativeTarget section */
		B7C09F1120FEB907000AE0E4 /* iOS-Pixel-City */ = {
			isa = PBXNativeTarget;
			buildConfigurationList = B7C09F2420FEB909000AE0E4 /* Build configuration list for PBXNativeTarget "iOS-Pixel-City" */;
			buildPhases = (
				5BDF3F729332EE860EFD3BE4 /* [CP] Check Pods Manifest.lock */,
				B7C09F0E20FEB907000AE0E4 /* Sources */,
				B7C09F0F20FEB907000AE0E4 /* Frameworks */,
				B7C09F1020FEB907000AE0E4 /* Resources */,
				E31EDF773F980B62BFA3A4EE /* [CP] Embed Pods Frameworks */,
			);
			buildRules = (
			);
			dependencies = (
			);
			name = "iOS-Pixel-City";
			productName = "iOS-Pixel-City";
			productReference = B7C09F1220FEB907000AE0E4 /* iOS-Pixel-City.app */;
			productType = "com.apple.product-type.application";
		};
/* End PBXNativeTarget section */

/* Begin PBXProject section */
		B7C09F0A20FEB907000AE0E4 /* Project object */ = {
			isa = PBXProject;
			attributes = {
				LastSwiftUpdateCheck = 1000;
				LastUpgradeCheck = 1000;
				ORGANIZATIONNAME = "Raul Ernesto Villarreal Sigala";
				TargetAttributes = {
					B7C09F1120FEB907000AE0E4 = {
						CreatedOnToolsVersion = 10.0;
					};
				};
			};
			buildConfigurationList = B7C09F0D20FEB907000AE0E4 /* Build configuration list for PBXProject "iOS-Pixel-City" */;
			compatibilityVersion = "Xcode 9.3";
			developmentRegion = en;
			hasScannedForEncodings = 0;
			knownRegions = (
				en,
				Base,
			);
			mainGroup = B7C09F0920FEB907000AE0E4;
			productRefGroup = B7C09F1320FEB907000AE0E4 /* Products */;
			projectDirPath = "";
			projectRoot = "";
			targets = (
				B7C09F1120FEB907000AE0E4 /* iOS-Pixel-City */,
			);
		};
/* End PBXProject section */

/* Begin PBXResourcesBuildPhase section */
		B7C09F1020FEB907000AE0E4 /* Resources */ = {
			isa = PBXResourcesBuildPhase;
			buildActionMask = 2147483647;
			files = (
				B7C09F2020FEB909000AE0E4 /* LaunchScreen.storyboard in Resources */,
				B7C09F1D20FEB909000AE0E4 /* Assets.xcassets in Resources */,
				B7C09F1B20FEB907000AE0E4 /* Main.storyboard in Resources */,
			);
			runOnlyForDeploymentPostprocessing = 0;
		};
/* End PBXResourcesBuildPhase section */

/* Begin PBXShellScriptBuildPhase section */
		5BDF3F729332EE860EFD3BE4 /* [CP] Check Pods Manifest.lock */ = {
			isa = PBXShellScriptBuildPhase;
			buildActionMask = 2147483647;
			files = (
			);
			inputPaths = (
				"${PODS_PODFILE_DIR_PATH}/Podfile.lock",
				"${PODS_ROOT}/Manifest.lock",
			);
			name = "[CP] Check Pods Manifest.lock";
			outputPaths = (
				"$(DERIVED_FILE_DIR)/Pods-iOS-Pixel-City-checkManifestLockResult.txt",
			);
			runOnlyForDeploymentPostprocessing = 0;
			shellPath = /bin/sh;
			shellScript = "diff \"${PODS_PODFILE_DIR_PATH}/Podfile.lock\" \"${PODS_ROOT}/Manifest.lock\" > /dev/null\nif [ $? != 0 ] ; then\n    # print error to STDERR\n    echo \"error: The sandbox is not in sync with the Podfile.lock. Run 'pod install' or update your CocoaPods installation.\" >&2\n    exit 1\nfi\n# This output is used by Xcode 'outputs' to avoid re-running this script phase.\necho \"SUCCESS\" > \"${SCRIPT_OUTPUT_FILE_0}\"\n";
			showEnvVarsInLog = 0;
		};
		E31EDF773F980B62BFA3A4EE /* [CP] Embed Pods Frameworks */ = {
			isa = PBXShellScriptBuildPhase;
			buildActionMask = 2147483647;
			files = (
			);
			inputPaths = (
				"${SRCROOT}/Pods/Target Support Files/Pods-iOS-Pixel-City/Pods-iOS-Pixel-City-frameworks.sh",
				"${BUILT_PRODUCTS_DIR}/Alamofire/Alamofire.framework",
				"${BUILT_PRODUCTS_DIR}/AlamofireImage/AlamofireImage.framework",
			);
			name = "[CP] Embed Pods Frameworks";
			outputPaths = (
				"${TARGET_BUILD_DIR}/${FRAMEWORKS_FOLDER_PATH}/Alamofire.framework",
				"${TARGET_BUILD_DIR}/${FRAMEWORKS_FOLDER_PATH}/AlamofireImage.framework",
			);
			runOnlyForDeploymentPostprocessing = 0;
			shellPath = /bin/sh;
			shellScript = "\"${SRCROOT}/Pods/Target Support Files/Pods-iOS-Pixel-City/Pods-iOS-Pixel-City-frameworks.sh\"\n";
			showEnvVarsInLog = 0;
		};
/* End PBXShellScriptBuildPhase section */

/* Begin PBXSourcesBuildPhase section */
		B7C09F0E20FEB907000AE0E4 /* Sources */ = {
			isa = PBXSourcesBuildPhase;
			buildActionMask = 2147483647;
			files = (
				B769EB7F20FFFAD900A31A56 /* Utilities.swift in Sources */,
				B750903920FFD1D500DB34BF /* Constants.swift in Sources */,
				B769EB8121000E7B00A31A56 /* PopVC.swift in Sources */,
				B750903720FFC68300DB34BF /* PhotoCell.swift in Sources */,
				B7C09F1820FEB907000AE0E4 /* MapVC.swift in Sources */,
				B750903520FFAE8600DB34BF /* DroppablePin.swift in Sources */,
				B7C09F1620FEB907000AE0E4 /* AppDelegate.swift in Sources */,
			);
			runOnlyForDeploymentPostprocessing = 0;
		};
/* End PBXSourcesBuildPhase section */

/* Begin PBXVariantGroup section */
		B7C09F1920FEB907000AE0E4 /* Main.storyboard */ = {
			isa = PBXVariantGroup;
			children = (
				B7C09F1A20FEB907000AE0E4 /* Base */,
			);
			name = Main.storyboard;
			sourceTree = "<group>";
		};
		B7C09F1E20FEB909000AE0E4 /* LaunchScreen.storyboard */ = {
			isa = PBXVariantGroup;
			children = (
				B7C09F1F20FEB909000AE0E4 /* Base */,
			);
			name = LaunchScreen.storyboard;
			sourceTree = "<group>";
		};
/* End PBXVariantGroup section */

/* Begin XCBuildConfiguration section */
		B7C09F2220FEB909000AE0E4 /* Debug */ = {
			isa = XCBuildConfiguration;
			buildSettings = {
				ALWAYS_SEARCH_USER_PATHS = NO;
				CLANG_ANALYZER_NONNULL = YES;
				CLANG_ANALYZER_NUMBER_OBJECT_CONVERSION = YES_AGGRESSIVE;
				CLANG_CXX_LANGUAGE_STANDARD = "gnu++14";
				CLANG_CXX_LIBRARY = "libc++";
				CLANG_ENABLE_MODULES = YES;
				CLANG_ENABLE_OBJC_ARC = YES;
				CLANG_ENABLE_OBJC_WEAK = YES;
				CLANG_WARN_BLOCK_CAPTURE_AUTORELEASING = YES;
				CLANG_WARN_BOOL_CONVERSION = YES;
				CLANG_WARN_COMMA = YES;
				CLANG_WARN_CONSTANT_CONVERSION = YES;
				CLANG_WARN_DEPRECATED_OBJC_IMPLEMENTATIONS = YES;
				CLANG_WARN_DIRECT_OBJC_ISA_USAGE = YES_ERROR;
				CLANG_WARN_DOCUMENTATION_COMMENTS = YES;
				CLANG_WARN_EMPTY_BODY = YES;
				CLANG_WARN_ENUM_CONVERSION = YES;
				CLANG_WARN_INFINITE_RECURSION = YES;
				CLANG_WARN_INT_CONVERSION = YES;
				CLANG_WARN_NON_LITERAL_NULL_CONVERSION = YES;
				CLANG_WARN_OBJC_IMPLICIT_RETAIN_SELF = YES;
				CLANG_WARN_OBJC_LITERAL_CONVERSION = YES;
				CLANG_WARN_OBJC_ROOT_CLASS = YES_ERROR;
				CLANG_WARN_RANGE_LOOP_ANALYSIS = YES;
				CLANG_WARN_STRICT_PROTOTYPES = YES;
				CLANG_WARN_SUSPICIOUS_MOVE = YES;
				CLANG_WARN_UNGUARDED_AVAILABILITY = YES_AGGRESSIVE;
				CLANG_WARN_UNREACHABLE_CODE = YES;
				CLANG_WARN__DUPLICATE_METHOD_MATCH = YES;
				CODE_SIGN_IDENTITY = "iPhone Developer";
				COPY_PHASE_STRIP = NO;
				DEBUG_INFORMATION_FORMAT = dwarf;
				ENABLE_STRICT_OBJC_MSGSEND = YES;
				ENABLE_TESTABILITY = YES;
				GCC_C_LANGUAGE_STANDARD = gnu11;
				GCC_DYNAMIC_NO_PIC = NO;
				GCC_NO_COMMON_BLOCKS = YES;
				GCC_OPTIMIZATION_LEVEL = 0;
				GCC_PREPROCESSOR_DEFINITIONS = (
					"DEBUG=1",
					"$(inherited)",
				);
				GCC_WARN_64_TO_32_BIT_CONVERSION = YES;
				GCC_WARN_ABOUT_RETURN_TYPE = YES_ERROR;
				GCC_WARN_UNDECLARED_SELECTOR = YES;
				GCC_WARN_UNINITIALIZED_AUTOS = YES_AGGRESSIVE;
				GCC_WARN_UNUSED_FUNCTION = YES;
				GCC_WARN_UNUSED_VARIABLE = YES;
				IPHONEOS_DEPLOYMENT_TARGET = 12.0;
				MTL_ENABLE_DEBUG_INFO = INCLUDE_SOURCE;
				MTL_FAST_MATH = YES;
				ONLY_ACTIVE_ARCH = YES;
				SDKROOT = iphoneos;
				SWIFT_ACTIVE_COMPILATION_CONDITIONS = DEBUG;
				SWIFT_OPTIMIZATION_LEVEL = "-Onone";
			};
			name = Debug;
		};
		B7C09F2320FEB909000AE0E4 /* Release */ = {
			isa = XCBuildConfiguration;
			buildSettings = {
				ALWAYS_SEARCH_USER_PATHS = NO;
				CLANG_ANALYZER_NONNULL = YES;
				CLANG_ANALYZER_NUMBER_OBJECT_CONVERSION = YES_AGGRESSIVE;
				CLANG_CXX_LANGUAGE_STANDARD = "gnu++14";
				CLANG_CXX_LIBRARY = "libc++";
				CLANG_ENABLE_MODULES = YES;
				CLANG_ENABLE_OBJC_ARC = YES;
				CLANG_ENABLE_OBJC_WEAK = YES;
				CLANG_WARN_BLOCK_CAPTURE_AUTORELEASING = YES;
				CLANG_WARN_BOOL_CONVERSION = YES;
				CLANG_WARN_COMMA = YES;
				CLANG_WARN_CONSTANT_CONVERSION = YES;
				CLANG_WARN_DEPRECATED_OBJC_IMPLEMENTATIONS = YES;
				CLANG_WARN_DIRECT_OBJC_ISA_USAGE = YES_ERROR;
				CLANG_WARN_DOCUMENTATION_COMMENTS = YES;
				CLANG_WARN_EMPTY_BODY = YES;
				CLANG_WARN_ENUM_CONVERSION = YES;
				CLANG_WARN_INFINITE_RECURSION = YES;
				CLANG_WARN_INT_CONVERSION = YES;
				CLANG_WARN_NON_LITERAL_NULL_CONVERSION = YES;
				CLANG_WARN_OBJC_IMPLICIT_RETAIN_SELF = YES;
				CLANG_WARN_OBJC_LITERAL_CONVERSION = YES;
				CLANG_WARN_OBJC_ROOT_CLASS = YES_ERROR;
				CLANG_WARN_RANGE_LOOP_ANALYSIS = YES;
				CLANG_WARN_STRICT_PROTOTYPES = YES;
				CLANG_WARN_SUSPICIOUS_MOVE = YES;
				CLANG_WARN_UNGUARDED_AVAILABILITY = YES_AGGRESSIVE;
				CLANG_WARN_UNREACHABLE_CODE = YES;
				CLANG_WARN__DUPLICATE_METHOD_MATCH = YES;
				CODE_SIGN_IDENTITY = "iPhone Developer";
				COPY_PHASE_STRIP = NO;
				DEBUG_INFORMATION_FORMAT = "dwarf-with-dsym";
				ENABLE_NS_ASSERTIONS = NO;
				ENABLE_STRICT_OBJC_MSGSEND = YES;
				GCC_C_LANGUAGE_STANDARD = gnu11;
				GCC_NO_COMMON_BLOCKS = YES;
				GCC_WARN_64_TO_32_BIT_CONVERSION = YES;
				GCC_WARN_ABOUT_RETURN_TYPE = YES_ERROR;
				GCC_WARN_UNDECLARED_SELECTOR = YES;
				GCC_WARN_UNINITIALIZED_AUTOS = YES_AGGRESSIVE;
				GCC_WARN_UNUSED_FUNCTION = YES;
				GCC_WARN_UNUSED_VARIABLE = YES;
				IPHONEOS_DEPLOYMENT_TARGET = 12.0;
				MTL_ENABLE_DEBUG_INFO = NO;
				MTL_FAST_MATH = YES;
				SDKROOT = iphoneos;
				SWIFT_COMPILATION_MODE = wholemodule;
				SWIFT_OPTIMIZATION_LEVEL = "-O";
				VALIDATE_PRODUCT = YES;
			};
			name = Release;
		};
		B7C09F2520FEB909000AE0E4 /* Debug */ = {
			isa = XCBuildConfiguration;
			baseConfigurationReference = 8CC8A58B97491BBA58F4F935 /* Pods-iOS-Pixel-City.debug.xcconfig */;
			buildSettings = {
				ASSETCATALOG_COMPILER_APPICON_NAME = AppIcon;
				CODE_SIGN_STYLE = Automatic;
				DEVELOPMENT_TEAM = 62M53E3U8B;
				INFOPLIST_FILE = "iOS-Pixel-City/Info.plist";
				LD_RUNPATH_SEARCH_PATHS = (
					"$(inherited)",
					"@executable_path/Frameworks",
				);
				PRODUCT_BUNDLE_IDENTIFIER = "com.soy-raul.iOS-Pixel-City";
				PRODUCT_NAME = "$(TARGET_NAME)";
				SWIFT_VERSION = 4.2;
				TARGETED_DEVICE_FAMILY = "1,2";
			};
			name = Debug;
		};
		B7C09F2620FEB909000AE0E4 /* Release */ = {
			isa = XCBuildConfiguration;
			baseConfigurationReference = 8F07C21CAA123494E8000F23 /* Pods-iOS-Pixel-City.release.xcconfig */;
			buildSettings = {
				ASSETCATALOG_COMPILER_APPICON_NAME = AppIcon;
				CODE_SIGN_STYLE = Automatic;
				DEVELOPMENT_TEAM = 62M53E3U8B;
				INFOPLIST_FILE = "iOS-Pixel-City/Info.plist";
				LD_RUNPATH_SEARCH_PATHS = (
					"$(inherited)",
					"@executable_path/Frameworks",
				);
				PRODUCT_BUNDLE_IDENTIFIER = "com.soy-raul.iOS-Pixel-City";
				PRODUCT_NAME = "$(TARGET_NAME)";
				SWIFT_VERSION = 4.2;
				TARGETED_DEVICE_FAMILY = "1,2";
			};
			name = Release;
		};
/* End XCBuildConfiguration section */

/* Begin XCConfigurationList section */
		B7C09F0D20FEB907000AE0E4 /* Build configuration list for PBXProject "iOS-Pixel-City" */ = {
			isa = XCConfigurationList;
			buildConfigurations = (
				B7C09F2220FEB909000AE0E4 /* Debug */,
				B7C09F2320FEB909000AE0E4 /* Release */,
			);
			defaultConfigurationIsVisible = 0;
			defaultConfigurationName = Release;
		};
		B7C09F2420FEB909000AE0E4 /* Build configuration list for PBXNativeTarget "iOS-Pixel-City" */ = {
			isa = XCConfigurationList;
			buildConfigurations = (
				B7C09F2520FEB909000AE0E4 /* Debug */,
				B7C09F2620FEB909000AE0E4 /* Release */,
			);
			defaultConfigurationIsVisible = 0;
			defaultConfigurationName = Release;
		};
/* End XCConfigurationList section */
	};
	rootObject = B7C09F0A20FEB907000AE0E4 /* Project object */;
}
